
Microsoft Visual Studio Solution File, Format Version 12.00
# Visual Studio 14
VisualStudioVersion = 14.0.22823.1
MinimumVisualStudioVersion = 10.0.40219.1
Project("{FAE04EC0-301F-11D3-BF4B-00C04F79EFBC}") = "Auth0.Core", "Auth0.Core\Auth0.Core.csproj", "{C5395825-EF6D-438E-9E22-95975F1276E8}"
EndProject
Project("{FAE04EC0-301F-11D3-BF4B-00C04F79EFBC}") = "Auth0.RestClient", "Auth0.HttpClient\Auth0.RestClient.csproj", "{E3720D15-920E-4DD0-BB98-BC3AF5420692}"
EndProject
Project("{FAE04EC0-301F-11D3-BF4B-00C04F79EFBC}") = "Auth0.Claims", "Auth0.Claims\Auth0.Claims.csproj", "{B7071570-B1A8-42A0-8E9C-8686336B436D}"
EndProject
Project("{2150E333-8FDC-42A3-9474-1A3956D46DE8}") = "Core", "Core", "{45B5A4B8-D82D-4413-955D-87A86291AA9B}"
EndProject
Project("{2150E333-8FDC-42A3-9474-1A3956D46DE8}") = "Platforms", "Platforms", "{822D164D-1E23-4C40-B167-1464896311EF}"
EndProject
Project("{2150E333-8FDC-42A3-9474-1A3956D46DE8}") = "Tests", "Tests", "{F1BFA3AD-3937-48B6-83EE-5EBA93798CE3}"
EndProject
Project("{FAE04EC0-301F-11D3-BF4B-00C04F79EFBC}") = "Auth0.Tests.RestClient", "Auth0.Tests.RestClient\Auth0.Tests.RestClient.csproj", "{00B1A2F5-D688-4027-B8A3-1E95B71A5DFD}"
EndProject
Project("{FAE04EC0-301F-11D3-BF4B-00C04F79EFBC}") = "Auth0.Tests.Claims", "Auth0.Tests.Claims\Auth0.Tests.Claims.csproj", "{05459BFB-72F5-4A50-A3B5-70BAC8E49F6B}"
EndProject
Project("{8BB2217D-0F2D-49D1-97BC-3654ED321F3B}") = "Auth0.Platform.Owin", "Auth0.Web.Owin\Auth0.Platform.Owin.xproj", "{EE045044-73D0-419C-A0C9-3117C101B48E}"
EndProject
Project("{FAE04EC0-301F-11D3-BF4B-00C04F79EFBC}") = "Auth0.Platform.WindowsUniversal", "Auth0.Platform.WindowsUniversal\Auth0.Platform.WindowsUniversal.csproj", "{9F2674CB-C22F-43E8-BE45-18308A223253}"
EndProject
Global
	GlobalSection(SolutionConfigurationPlatforms) = preSolution
		Debug|Any CPU = Debug|Any CPU
		Debug|ARM = Debug|ARM
		Debug|x64 = Debug|x64
		Debug|x86 = Debug|x86
		Release|Any CPU = Release|Any CPU
		Release|ARM = Release|ARM
		Release|x64 = Release|x64
		Release|x86 = Release|x86
	EndGlobalSection
	GlobalSection(ProjectConfigurationPlatforms) = postSolution
		{C5395825-EF6D-438E-9E22-95975F1276E8}.Debug|Any CPU.ActiveCfg = Debug|Any CPU
		{C5395825-EF6D-438E-9E22-95975F1276E8}.Debug|Any CPU.Build.0 = Debug|Any CPU
		{C5395825-EF6D-438E-9E22-95975F1276E8}.Debug|ARM.ActiveCfg = Debug|Any CPU
		{C5395825-EF6D-438E-9E22-95975F1276E8}.Debug|ARM.Build.0 = Debug|Any CPU
		{C5395825-EF6D-438E-9E22-95975F1276E8}.Debug|x64.ActiveCfg = Debug|Any CPU
		{C5395825-EF6D-438E-9E22-95975F1276E8}.Debug|x64.Build.0 = Debug|Any CPU
		{C5395825-EF6D-438E-9E22-95975F1276E8}.Debug|x86.ActiveCfg = Debug|Any CPU
		{C5395825-EF6D-438E-9E22-95975F1276E8}.Debug|x86.Build.0 = Debug|Any CPU
		{C5395825-EF6D-438E-9E22-95975F1276E8}.Release|Any CPU.ActiveCfg = Release|Any CPU
		{C5395825-EF6D-438E-9E22-95975F1276E8}.Release|Any CPU.Build.0 = Release|Any CPU
		{C5395825-EF6D-438E-9E22-95975F1276E8}.Release|ARM.ActiveCfg = Release|Any CPU
		{C5395825-EF6D-438E-9E22-95975F1276E8}.Release|ARM.Build.0 = Release|Any CPU
		{C5395825-EF6D-438E-9E22-95975F1276E8}.Release|x64.ActiveCfg = Release|Any CPU
		{C5395825-EF6D-438E-9E22-95975F1276E8}.Release|x64.Build.0 = Release|Any CPU
		{C5395825-EF6D-438E-9E22-95975F1276E8}.Release|x86.ActiveCfg = Release|Any CPU
		{C5395825-EF6D-438E-9E22-95975F1276E8}.Release|x86.Build.0 = Release|Any CPU
		{E3720D15-920E-4DD0-BB98-BC3AF5420692}.Debug|Any CPU.ActiveCfg = Debug|Any CPU
		{E3720D15-920E-4DD0-BB98-BC3AF5420692}.Debug|Any CPU.Build.0 = Debug|Any CPU
		{E3720D15-920E-4DD0-BB98-BC3AF5420692}.Debug|ARM.ActiveCfg = Debug|Any CPU
		{E3720D15-920E-4DD0-BB98-BC3AF5420692}.Debug|ARM.Build.0 = Debug|Any CPU
		{E3720D15-920E-4DD0-BB98-BC3AF5420692}.Debug|x64.ActiveCfg = Debug|Any CPU
		{E3720D15-920E-4DD0-BB98-BC3AF5420692}.Debug|x64.Build.0 = Debug|Any CPU
		{E3720D15-920E-4DD0-BB98-BC3AF5420692}.Debug|x86.ActiveCfg = Debug|Any CPU
		{E3720D15-920E-4DD0-BB98-BC3AF5420692}.Debug|x86.Build.0 = Debug|Any CPU
		{E3720D15-920E-4DD0-BB98-BC3AF5420692}.Release|Any CPU.ActiveCfg = Release|Any CPU
		{E3720D15-920E-4DD0-BB98-BC3AF5420692}.Release|Any CPU.Build.0 = Release|Any CPU
		{E3720D15-920E-4DD0-BB98-BC3AF5420692}.Release|ARM.ActiveCfg = Release|Any CPU
		{E3720D15-920E-4DD0-BB98-BC3AF5420692}.Release|ARM.Build.0 = Release|Any CPU
		{E3720D15-920E-4DD0-BB98-BC3AF5420692}.Release|x64.ActiveCfg = Release|Any CPU
		{E3720D15-920E-4DD0-BB98-BC3AF5420692}.Release|x64.Build.0 = Release|Any CPU
		{E3720D15-920E-4DD0-BB98-BC3AF5420692}.Release|x86.ActiveCfg = Release|Any CPU
		{E3720D15-920E-4DD0-BB98-BC3AF5420692}.Release|x86.Build.0 = Release|Any CPU
		{B7071570-B1A8-42A0-8E9C-8686336B436D}.Debug|Any CPU.ActiveCfg = Debug|Any CPU
		{B7071570-B1A8-42A0-8E9C-8686336B436D}.Debug|Any CPU.Build.0 = Debug|Any CPU
		{B7071570-B1A8-42A0-8E9C-8686336B436D}.Debug|ARM.ActiveCfg = Debug|Any CPU
		{B7071570-B1A8-42A0-8E9C-8686336B436D}.Debug|ARM.Build.0 = Debug|Any CPU
		{B7071570-B1A8-42A0-8E9C-8686336B436D}.Debug|x64.ActiveCfg = Debug|Any CPU
		{B7071570-B1A8-42A0-8E9C-8686336B436D}.Debug|x64.Build.0 = Debug|Any CPU
		{B7071570-B1A8-42A0-8E9C-8686336B436D}.Debug|x86.ActiveCfg = Debug|Any CPU
		{B7071570-B1A8-42A0-8E9C-8686336B436D}.Debug|x86.Build.0 = Debug|Any CPU
		{B7071570-B1A8-42A0-8E9C-8686336B436D}.Release|Any CPU.ActiveCfg = Release|Any CPU
		{B7071570-B1A8-42A0-8E9C-8686336B436D}.Release|Any CPU.Build.0 = Release|Any CPU
		{B7071570-B1A8-42A0-8E9C-8686336B436D}.Release|ARM.ActiveCfg = Release|Any CPU
		{B7071570-B1A8-42A0-8E9C-8686336B436D}.Release|ARM.Build.0 = Release|Any CPU
		{B7071570-B1A8-42A0-8E9C-8686336B436D}.Release|x64.ActiveCfg = Release|Any CPU
		{B7071570-B1A8-42A0-8E9C-8686336B436D}.Release|x64.Build.0 = Release|Any CPU
		{B7071570-B1A8-42A0-8E9C-8686336B436D}.Release|x86.ActiveCfg = Release|Any CPU
		{B7071570-B1A8-42A0-8E9C-8686336B436D}.Release|x86.Build.0 = Release|Any CPU
		{00B1A2F5-D688-4027-B8A3-1E95B71A5DFD}.Debug|Any CPU.ActiveCfg = Debug|Any CPU
		{00B1A2F5-D688-4027-B8A3-1E95B71A5DFD}.Debug|Any CPU.Build.0 = Debug|Any CPU
		{00B1A2F5-D688-4027-B8A3-1E95B71A5DFD}.Debug|ARM.ActiveCfg = Debug|Any CPU
		{00B1A2F5-D688-4027-B8A3-1E95B71A5DFD}.Debug|ARM.Build.0 = Debug|Any CPU
		{00B1A2F5-D688-4027-B8A3-1E95B71A5DFD}.Debug|x64.ActiveCfg = Debug|Any CPU
		{00B1A2F5-D688-4027-B8A3-1E95B71A5DFD}.Debug|x64.Build.0 = Debug|Any CPU
		{00B1A2F5-D688-4027-B8A3-1E95B71A5DFD}.Debug|x86.ActiveCfg = Debug|Any CPU
		{00B1A2F5-D688-4027-B8A3-1E95B71A5DFD}.Debug|x86.Build.0 = Debug|Any CPU
		{00B1A2F5-D688-4027-B8A3-1E95B71A5DFD}.Release|Any CPU.ActiveCfg = Release|Any CPU
		{00B1A2F5-D688-4027-B8A3-1E95B71A5DFD}.Release|Any CPU.Build.0 = Release|Any CPU
		{00B1A2F5-D688-4027-B8A3-1E95B71A5DFD}.Release|ARM.ActiveCfg = Release|Any CPU
		{00B1A2F5-D688-4027-B8A3-1E95B71A5DFD}.Release|ARM.Build.0 = Release|Any CPU
		{00B1A2F5-D688-4027-B8A3-1E95B71A5DFD}.Release|x64.ActiveCfg = Release|Any CPU
		{00B1A2F5-D688-4027-B8A3-1E95B71A5DFD}.Release|x64.Build.0 = Release|Any CPU
		{00B1A2F5-D688-4027-B8A3-1E95B71A5DFD}.Release|x86.ActiveCfg = Release|Any CPU
		{00B1A2F5-D688-4027-B8A3-1E95B71A5DFD}.Release|x86.Build.0 = Release|Any CPU
		{05459BFB-72F5-4A50-A3B5-70BAC8E49F6B}.Debug|Any CPU.ActiveCfg = Debug|Any CPU
		{05459BFB-72F5-4A50-A3B5-70BAC8E49F6B}.Debug|Any CPU.Build.0 = Debug|Any CPU
		{05459BFB-72F5-4A50-A3B5-70BAC8E49F6B}.Debug|ARM.ActiveCfg = Debug|Any CPU
		{05459BFB-72F5-4A50-A3B5-70BAC8E49F6B}.Debug|ARM.Build.0 = Debug|Any CPU
		{05459BFB-72F5-4A50-A3B5-70BAC8E49F6B}.Debug|x64.ActiveCfg = Debug|Any CPU
		{05459BFB-72F5-4A50-A3B5-70BAC8E49F6B}.Debug|x64.Build.0 = Debug|Any CPU
		{05459BFB-72F5-4A50-A3B5-70BAC8E49F6B}.Debug|x86.ActiveCfg = Debug|Any CPU
		{05459BFB-72F5-4A50-A3B5-70BAC8E49F6B}.Debug|x86.Build.0 = Debug|Any CPU
		{05459BFB-72F5-4A50-A3B5-70BAC8E49F6B}.Release|Any CPU.ActiveCfg = Release|Any CPU
		{05459BFB-72F5-4A50-A3B5-70BAC8E49F6B}.Release|Any CPU.Build.0 = Release|Any CPU
		{05459BFB-72F5-4A50-A3B5-70BAC8E49F6B}.Release|ARM.ActiveCfg = Release|Any CPU
		{05459BFB-72F5-4A50-A3B5-70BAC8E49F6B}.Release|ARM.Build.0 = Release|Any CPU
		{05459BFB-72F5-4A50-A3B5-70BAC8E49F6B}.Release|x64.ActiveCfg = Release|Any CPU
		{05459BFB-72F5-4A50-A3B5-70BAC8E49F6B}.Release|x64.Build.0 = Release|Any CPU
		{05459BFB-72F5-4A50-A3B5-70BAC8E49F6B}.Release|x86.ActiveCfg = Release|Any CPU
		{05459BFB-72F5-4A50-A3B5-70BAC8E49F6B}.Release|x86.Build.0 = Release|Any CPU
		{EE045044-73D0-419C-A0C9-3117C101B48E}.Debug|Any CPU.ActiveCfg = Debug|Any CPU
		{EE045044-73D0-419C-A0C9-3117C101B48E}.Debug|Any CPU.Build.0 = Debug|Any CPU
		{EE045044-73D0-419C-A0C9-3117C101B48E}.Debug|ARM.ActiveCfg = Debug|Any CPU
		{EE045044-73D0-419C-A0C9-3117C101B48E}.Debug|ARM.Build.0 = Debug|Any CPU
		{EE045044-73D0-419C-A0C9-3117C101B48E}.Debug|x64.ActiveCfg = Debug|Any CPU
		{EE045044-73D0-419C-A0C9-3117C101B48E}.Debug|x64.Build.0 = Debug|Any CPU
		{EE045044-73D0-419C-A0C9-3117C101B48E}.Debug|x86.ActiveCfg = Debug|Any CPU
		{EE045044-73D0-419C-A0C9-3117C101B48E}.Debug|x86.Build.0 = Debug|Any CPU
		{EE045044-73D0-419C-A0C9-3117C101B48E}.Release|Any CPU.ActiveCfg = Release|Any CPU
		{EE045044-73D0-419C-A0C9-3117C101B48E}.Release|Any CPU.Build.0 = Release|Any CPU
		{EE045044-73D0-419C-A0C9-3117C101B48E}.Release|ARM.ActiveCfg = Release|Any CPU
		{EE045044-73D0-419C-A0C9-3117C101B48E}.Release|ARM.Build.0 = Release|Any CPU
		{EE045044-73D0-419C-A0C9-3117C101B48E}.Release|x64.ActiveCfg = Release|Any CPU
		{EE045044-73D0-419C-A0C9-3117C101B48E}.Release|x64.Build.0 = Release|Any CPU
		{EE045044-73D0-419C-A0C9-3117C101B48E}.Release|x86.ActiveCfg = Release|Any CPU
		{EE045044-73D0-419C-A0C9-3117C101B48E}.Release|x86.Build.0 = Release|Any CPU
		{9F2674CB-C22F-43E8-BE45-18308A223253}.Debug|Any CPU.ActiveCfg = Debug|Any CPU
		{9F2674CB-C22F-43E8-BE45-18308A223253}.Debug|Any CPU.Build.0 = Debug|Any CPU
		{9F2674CB-C22F-43E8-BE45-18308A223253}.Debug|ARM.ActiveCfg = Debug|ARM
		{9F2674CB-C22F-43E8-BE45-18308A223253}.Debug|ARM.Build.0 = Debug|ARM
		{9F2674CB-C22F-43E8-BE45-18308A223253}.Debug|x64.ActiveCfg = Debug|x64
		{9F2674CB-C22F-43E8-BE45-18308A223253}.Debug|x64.Build.0 = Debug|x64
		{9F2674CB-C22F-43E8-BE45-18308A223253}.Debug|x86.ActiveCfg = Debug|x86
		{9F2674CB-C22F-43E8-BE45-18308A223253}.Debug|x86.Build.0 = Debug|x86
		{9F2674CB-C22F-43E8-BE45-18308A223253}.Release|Any CPU.ActiveCfg = Release|Any CPU
		{9F2674CB-C22F-43E8-BE45-18308A223253}.Release|Any CPU.Build.0 = Release|Any CPU
		{9F2674CB-C22F-43E8-BE45-18308A223253}.Release|ARM.ActiveCfg = Release|ARM
		{9F2674CB-C22F-43E8-BE45-18308A223253}.Release|ARM.Build.0 = Release|ARM
		{9F2674CB-C22F-43E8-BE45-18308A223253}.Release|x64.ActiveCfg = Release|x64
		{9F2674CB-C22F-43E8-BE45-18308A223253}.Release|x64.Build.0 = Release|x64
		{9F2674CB-C22F-43E8-BE45-18308A223253}.Release|x86.ActiveCfg = Release|x86
		{9F2674CB-C22F-43E8-BE45-18308A223253}.Release|x86.Build.0 = Release|x86
	EndGlobalSection
	GlobalSection(SolutionProperties) = preSolution
		HideSolutionNode = FALSE
	EndGlobalSection
	GlobalSection(NestedProjects) = preSolution
		{C5395825-EF6D-438E-9E22-95975F1276E8} = {45B5A4B8-D82D-4413-955D-87A86291AA9B}
		{E3720D15-920E-4DD0-BB98-BC3AF5420692} = {45B5A4B8-D82D-4413-955D-87A86291AA9B}
		{B7071570-B1A8-42A0-8E9C-8686336B436D} = {45B5A4B8-D82D-4413-955D-87A86291AA9B}
		{00B1A2F5-D688-4027-B8A3-1E95B71A5DFD} = {F1BFA3AD-3937-48B6-83EE-5EBA93798CE3}
		{05459BFB-72F5-4A50-A3B5-70BAC8E49F6B} = {F1BFA3AD-3937-48B6-83EE-5EBA93798CE3}
		{EE045044-73D0-419C-A0C9-3117C101B48E} = {822D164D-1E23-4C40-B167-1464896311EF}
		{9F2674CB-C22F-43E8-BE45-18308A223253} = {822D164D-1E23-4C40-B167-1464896311EF}
	EndGlobalSection
EndGlobal
